// !$*UTF8*$!
{
	archiveVersion = 1;
	classes = {
	};
	objectVersion = 48;
	objects = {

/* Begin PBXBuildFile section */
		752627852067E35E00769305 /* AppDelegate.swift in Sources */ = {isa = PBXBuildFile; fileRef = 752627842067E35E00769305 /* AppDelegate.swift */; };
		752627872067E35E00769305 /* ViewController.swift in Sources */ = {isa = PBXBuildFile; fileRef = 752627862067E35E00769305 /* ViewController.swift */; };
		7526278A2067E35E00769305 /* Main.storyboard in Resources */ = {isa = PBXBuildFile; fileRef = 752627882067E35E00769305 /* Main.storyboard */; };
		7526278C2067E35E00769305 /* Assets.xcassets in Resources */ = {isa = PBXBuildFile; fileRef = 7526278B2067E35E00769305 /* Assets.xcassets */; };
		7526278F2067E35E00769305 /* LaunchScreen.storyboard in Resources */ = {isa = PBXBuildFile; fileRef = 7526278D2067E35E00769305 /* LaunchScreen.storyboard */; };
		7526279A2067E35F00769305 /* spoofTests.swift in Sources */ = {isa = PBXBuildFile; fileRef = 752627992067E35F00769305 /* spoofTests.swift */; };
		752627A52067E35F00769305 /* spoofUITests.swift in Sources */ = {isa = PBXBuildFile; fileRef = 752627A42067E35F00769305 /* spoofUITests.swift */; };
		752627B62068063F00769305 /* Location (1).gpx in Resources */ = {isa = PBXBuildFile; fileRef = 752627B52068063F00769305 /* Location (1).gpx */; };
/* End PBXBuildFile section */

/* Begin PBXContainerItemProxy section */
		752627962067E35F00769305 /* PBXContainerItemProxy */ = {
			isa = PBXContainerItemProxy;
			containerPortal = 752627792067E35E00769305 /* Project object */;
			proxyType = 1;
			remoteGlobalIDString = 752627802067E35E00769305;
			remoteInfo = spoof;
		};
		752627A12067E35F00769305 /* PBXContainerItemProxy */ = {
			isa = PBXContainerItemProxy;
			containerPortal = 752627792067E35E00769305 /* Project object */;
			proxyType = 1;
			remoteGlobalIDString = 752627802067E35E00769305;
			remoteInfo = spoof;
		};
/* End PBXContainerItemProxy section */

/* Begin PBXFileReference section */
		752627812067E35E00769305 /* spoof.app */ = {isa = PBXFileReference; explicitFileType = wrapper.application; includeInIndex = 0; path = spoof.app; sourceTree = BUILT_PRODUCTS_DIR; };
		752627842067E35E00769305 /* AppDelegate.swift */ = {isa = PBXFileReference; lastKnownFileType = sourcecode.swift; path = AppDelegate.swift; sourceTree = "<group>"; };
		752627862067E35E00769305 /* ViewController.swift */ = {isa = PBXFileReference; lastKnownFileType = sourcecode.swift; path = ViewController.swift; sourceTree = "<group>"; };
		752627892067E35E00769305 /* Base */ = {isa = PBXFileReference; lastKnownFileType = file.storyboard; name = Base; path = Base.lproj/Main.storyboard; sourceTree = "<group>"; };
		7526278B2067E35E00769305 /* Assets.xcassets */ = {isa = PBXFileReference; lastKnownFileType = folder.assetcatalog; path = Assets.xcassets; sourceTree = "<group>"; };
		7526278E2067E35E00769305 /* Base */ = {isa = PBXFileReference; lastKnownFileType = file.storyboard; name = Base; path = Base.lproj/LaunchScreen.storyboard; sourceTree = "<group>"; };
		752627902067E35E00769305 /* Info.plist */ = {isa = PBXFileReference; lastKnownFileType = text.plist.xml; path = Info.plist; sourceTree = "<group>"; };
		752627952067E35F00769305 /* spoofTests.xctest */ = {isa = PBXFileReference; explicitFileType = wrapper.cfbundle; includeInIndex = 0; path = spoofTests.xctest; sourceTree = BUILT_PRODUCTS_DIR; };
		752627992067E35F00769305 /* spoofTests.swift */ = {isa = PBXFileReference; lastKnownFileType = sourcecode.swift; path = spoofTests.swift; sourceTree = "<group>"; };
		7526279B2067E35F00769305 /* Info.plist */ = {isa = PBXFileReference; lastKnownFileType = text.plist.xml; path = Info.plist; sourceTree = "<group>"; };
		752627A02067E35F00769305 /* spoofUITests.xctest */ = {isa = PBXFileReference; explicitFileType = wrapper.cfbundle; includeInIndex = 0; path = spoofUITests.xctest; sourceTree = BUILT_PRODUCTS_DIR; };
		752627A42067E35F00769305 /* spoofUITests.swift */ = {isa = PBXFileReference; lastKnownFileType = sourcecode.swift; path = spoofUITests.swift; sourceTree = "<group>"; };
		752627A62067E35F00769305 /* Info.plist */ = {isa = PBXFileReference; lastKnownFileType = text.plist.xml; path = Info.plist; sourceTree = "<group>"; };
		752627B52068063F00769305 /* Location (1).gpx */ = {isa = PBXFileReference; fileEncoding = 4; lastKnownFileType = text.xml; path = "Location (1).gpx"; sourceTree = "<group>"; };
/* End PBXFileReference section */

/* Begin PBXFrameworksBuildPhase section */
		7526277E2067E35E00769305 /* Frameworks */ = {
			isa = PBXFrameworksBuildPhase;
			buildActionMask = 2147483647;
			files = (
			);
			runOnlyForDeploymentPostprocessing = 0;
		};
		752627922067E35F00769305 /* Frameworks */ = {
			isa = PBXFrameworksBuildPhase;
			buildActionMask = 2147483647;
			files = (
			);
			runOnlyForDeploymentPostprocessing = 0;
		};
		7526279D2067E35F00769305 /* Frameworks */ = {
			isa = PBXFrameworksBuildPhase;
			buildActionMask = 2147483647;
			files = (
			);
			runOnlyForDeploymentPostprocessing = 0;
		};
/* End PBXFrameworksBuildPhase section */

/* Begin PBXGroup section */
		752627782067E35E00769305 = {
			isa = PBXGroup;
			children = (
				752627B52068063F00769305 /* Location (1).gpx */,
				752627832067E35E00769305 /* spoof */,
				752627982067E35F00769305 /* spoofTests */,
				752627A32067E35F00769305 /* spoofUITests */,
				752627822067E35E00769305 /* Products */,
			);
			sourceTree = "<group>";
		};
		752627822067E35E00769305 /* Products */ = {
			isa = PBXGroup;
			children = (
				752627812067E35E00769305 /* spoof.app */,
				752627952067E35F00769305 /* spoofTests.xctest */,
				752627A02067E35F00769305 /* spoofUITests.xctest */,
			);
			name = Products;
			sourceTree = "<group>";
		};
		752627832067E35E00769305 /* spoof */ = {
			isa = PBXGroup;
			children = (
				752627842067E35E00769305 /* AppDelegate.swift */,
				752627862067E35E00769305 /* ViewController.swift */,
				752627882067E35E00769305 /* Main.storyboard */,
				7526278B2067E35E00769305 /* Assets.xcassets */,
				7526278D2067E35E00769305 /* LaunchScreen.storyboard */,
				752627902067E35E00769305 /* Info.plist */,
			);
			path = spoof;
			sourceTree = "<group>";
		};
		752627982067E35F00769305 /* spoofTests */ = {
			isa = PBXGroup;
			children = (
				752627992067E35F00769305 /* spoofTests.swift */,
				7526279B2067E35F00769305 /* Info.plist */,
			);
			path = spoofTests;
			sourceTree = "<group>";
		};
		752627A32067E35F00769305 /* spoofUITests */ = {
			isa = PBXGroup;
			children = (
				752627A42067E35F00769305 /* spoofUITests.swift */,
				752627A62067E35F00769305 /* Info.plist */,
			);
			path = spoofUITests;
			sourceTree = "<group>";
		};
/* End PBXGroup section */

/* Begin PBXNativeTarget section */
		752627802067E35E00769305 /* spoof */ = {
			isa = PBXNativeTarget;
			buildConfigurationList = 752627A92067E35F00769305 /* Build configuration list for PBXNativeTarget "spoof" */;
			buildPhases = (
				7526277D2067E35E00769305 /* Sources */,
				7526277E2067E35E00769305 /* Frameworks */,
				7526277F2067E35E00769305 /* Resources */,
			);
			buildRules = (
			);
			dependencies = (
			);
			name = spoof;
			productName = spoof;
			productReference = 752627812067E35E00769305 /* spoof.app */;
			productType = "com.apple.product-type.application";
		};
		752627942067E35F00769305 /* spoofTests */ = {
			isa = PBXNativeTarget;
			buildConfigurationList = 752627AC2067E35F00769305 /* Build configuration list for PBXNativeTarget "spoofTests" */;
			buildPhases = (
				752627912067E35F00769305 /* Sources */,
				752627922067E35F00769305 /* Frameworks */,
				752627932067E35F00769305 /* Resources */,
			);
			buildRules = (
			);
			dependencies = (
				752627972067E35F00769305 /* PBXTargetDependency */,
			);
			name = spoofTests;
			productName = spoofTests;
			productReference = 752627952067E35F00769305 /* spoofTests.xctest */;
			productType = "com.apple.product-type.bundle.unit-test";
		};
		7526279F2067E35F00769305 /* spoofUITests */ = {
			isa = PBXNativeTarget;
			buildConfigurationList = 752627AF2067E35F00769305 /* Build configuration list for PBXNativeTarget "spoofUITests" */;
			buildPhases = (
				7526279C2067E35F00769305 /* Sources */,
				7526279D2067E35F00769305 /* Frameworks */,
				7526279E2067E35F00769305 /* Resources */,
			);
			buildRules = (
			);
			dependencies = (
				752627A22067E35F00769305 /* PBXTargetDependency */,
			);
			name = spoofUITests;
			productName = spoofUITests;
			productReference = 752627A02067E35F00769305 /* spoofUITests.xctest */;
			productType = "com.apple.product-type.bundle.ui-testing";
		};
/* End PBXNativeTarget section */

/* Begin PBXProject section */
		752627792067E35E00769305 /* Project object */ = {
			isa = PBXProject;
			attributes = {
				LastSwiftUpdateCheck = 0920;
				LastUpgradeCheck = 0920;
				ORGANIZATIONNAME = ericzhong;
				TargetAttributes = {
					752627802067E35E00769305 = {
						CreatedOnToolsVersion = 9.2;
						ProvisioningStyle = Automatic;
					};
					752627942067E35F00769305 = {
						CreatedOnToolsVersion = 9.2;
						ProvisioningStyle = Automatic;
						TestTargetID = 752627802067E35E00769305;
					};
					7526279F2067E35F00769305 = {
						CreatedOnToolsVersion = 9.2;
						ProvisioningStyle = Automatic;
						TestTargetID = 752627802067E35E00769305;
					};
				};
			};
			buildConfigurationList = 7526277C2067E35E00769305 /* Build configuration list for PBXProject "spoof" */;
			compatibilityVersion = "Xcode 8.0";
			developmentRegion = en;
			hasScannedForEncodings = 0;
			knownRegions = (
				en,
				Base,
			);
			mainGroup = 752627782067E35E00769305;
			productRefGroup = 752627822067E35E00769305 /* Products */;
			projectDirPath = "";
			projectRoot = "";
			targets = (
				752627802067E35E00769305 /* spoof */,
				752627942067E35F00769305 /* spoofTests */,
				7526279F2067E35F00769305 /* spoofUITests */,
			);
		};
/* End PBXProject section */

/* Begin PBXResourcesBuildPhase section */
		7526277F2067E35E00769305 /* Resources */ = {
			isa = PBXResourcesBuildPhase;
			buildActionMask = 2147483647;
			files = (
				752627B62068063F00769305 /* Location (1).gpx in Resources */,
				7526278F2067E35E00769305 /* LaunchScreen.storyboard in Resources */,
				7526278C2067E35E00769305 /* Assets.xcassets in Resources */,
				7526278A2067E35E00769305 /* Main.storyboard in Resources */,
			);
			runOnlyForDeploymentPostprocessing = 0;
		};
		752627932067E35F00769305 /* Resources */ = {
			isa = PBXResourcesBuildPhase;
			buildActionMask = 2147483647;
			files = (
			);
			runOnlyForDeploymentPostprocessing = 0;
		};
		7526279E2067E35F00769305 /* Resources */ = {
			isa = PBXResourcesBuildPhase;
			buildActionMask = 2147483647;
			files = (
			);
			runOnlyForDeploymentPostprocessing = 0;
		};
/* End PBXResourcesBuildPhase section */

/* Begin PBXSourcesBuildPhase section */
		7526277D2067E35E00769305 /* Sources */ = {
			isa = PBXSourcesBuildPhase;
			buildActionMask = 2147483647;
			files = (
				752627872067E35E00769305 /* ViewController.swift in Sources */,
				752627852067E35E00769305 /* AppDelegate.swift in Sources */,
			);
			runOnlyForDeploymentPostprocessing = 0;
		};
		752627912067E35F00769305 /* Sources */ = {
			isa = PBXSourcesBuildPhase;
			buildActionMask = 2147483647;
			files = (
				7526279A2067E35F00769305 /* spoofTests.swift in Sources */,
			);
			runOnlyForDeploymentPostprocessing = 0;
		};
		7526279C2067E35F00769305 /* Sources */ = {
			isa = PBXSourcesBuildPhase;
			buildActionMask = 2147483647;
			files = (
				752627A52067E35F00769305 /* spoofUITests.swift in Sources */,
			);
			runOnlyForDeploymentPostprocessing = 0;
		};
/* End PBXSourcesBuildPhase section */

/* Begin PBXTargetDependency section */
		752627972067E35F00769305 /* PBXTargetDependency */ = {
			isa = PBXTargetDependency;
			target = 752627802067E35E00769305 /* spoof */;
			targetProxy = 752627962067E35F00769305 /* PBXContainerItemProxy */;
		};
		752627A22067E35F00769305 /* PBXTargetDependency */ = {
			isa = PBXTargetDependency;
			target = 752627802067E35E00769305 /* spoof */;
			targetProxy = 752627A12067E35F00769305 /* PBXContainerItemProxy */;
		};
/* End PBXTargetDependency section */

/* Begin PBXVariantGroup section */
		752627882067E35E00769305 /* Main.storyboard */ = {
			isa = PBXVariantGroup;
			children = (
				752627892067E35E00769305 /* Base */,
			);
			name = Main.storyboard;
			sourceTree = "<group>";
		};
		7526278D2067E35E00769305 /* LaunchScreen.storyboard */ = {
			isa = PBXVariantGroup;
			children = (
				7526278E2067E35E00769305 /* Base */,
			);
			name = LaunchScreen.storyboard;
			sourceTree = "<group>";
		};
/* End PBXVariantGroup section */

/* Begin XCBuildConfiguration section */
		752627A72067E35F00769305 /* Debug */ = {
			isa = XCBuildConfiguration;
			buildSettings = {
				ALWAYS_SEARCH_USER_PATHS = NO;
				CLANG_ANALYZER_NONNULL = YES;
				CLANG_ANALYZER_NUMBER_OBJECT_CONVERSION = YES_AGGRESSIVE;
				CLANG_CXX_LANGUAGE_STANDARD = "gnu++14";
				CLANG_CXX_LIBRARY = "libc++";
				CLANG_ENABLE_MODULES = YES;
				CLANG_ENABLE_OBJC_ARC = YES;
				CLANG_WARN_BLOCK_CAPTURE_AUTORELEASING = YES;
				CLANG_WARN_BOOL_CONVERSION = YES;
				CLANG_WARN_COMMA = YES;
				CLANG_WARN_CONSTANT_CONVERSION = YES;
				CLANG_WARN_DIRECT_OBJC_ISA_USAGE = YES_ERROR;
				CLANG_WARN_DOCUMENTATION_COMMENTS = YES;
				CLANG_WARN_EMPTY_BODY = YES;
				CLANG_WARN_ENUM_CONVERSION = YES;
				CLANG_WARN_INFINITE_RECURSION = YES;
				CLANG_WARN_INT_CONVERSION = YES;
				CLANG_WARN_NON_LITERAL_NULL_CONVERSION = YES;
				CLANG_WARN_OBJC_LITERAL_CONVERSION = YES;
				CLANG_WARN_OBJC_ROOT_CLASS = YES_ERROR;
				CLANG_WARN_RANGE_LOOP_ANALYSIS = YES;
				CLANG_WARN_STRICT_PROTOTYPES = YES;
				CLANG_WARN_SUSPICIOUS_MOVE = YES;
				CLANG_WARN_UNGUARDED_AVAILABILITY = YES_AGGRESSIVE;
				CLANG_WARN_UNREACHABLE_CODE = YES;
				CLANG_WARN__DUPLICATE_METHOD_MATCH = YES;
				CODE_SIGN_IDENTITY = "Developer ID Application: Eric Zhong (RV7A82TL2A)";
				CODE_SIGN_STYLE = Automatic;
				COPY_PHASE_STRIP = NO;
				DEBUG_INFORMATION_FORMAT = dwarf;
				ENABLE_STRICT_OBJC_MSGSEND = YES;
				ENABLE_TESTABILITY = YES;
				GCC_C_LANGUAGE_STANDARD = gnu11;
				GCC_DYNAMIC_NO_PIC = NO;
				GCC_NO_COMMON_BLOCKS = YES;
				GCC_OPTIMIZATION_LEVEL = 0;
				GCC_PREPROCESSOR_DEFINITIONS = (
					"DEBUG=1",
					"$(inherited)",
				);
				GCC_WARN_64_TO_32_BIT_CONVERSION = YES;
				GCC_WARN_ABOUT_RETURN_TYPE = YES_ERROR;
				GCC_WARN_UNDECLARED_SELECTOR = YES;
				GCC_WARN_UNINITIALIZED_AUTOS = YES_AGGRESSIVE;
				GCC_WARN_UNUSED_FUNCTION = YES;
				GCC_WARN_UNUSED_VARIABLE = YES;
				IPHONEOS_DEPLOYMENT_TARGET = 11.2;
				MTL_ENABLE_DEBUG_INFO = YES;
				ONLY_ACTIVE_ARCH = YES;
				SDKROOT = iphoneos;
				SWIFT_ACTIVE_COMPILATION_CONDITIONS = DEBUG;
				SWIFT_OPTIMIZATION_LEVEL = "-Onone";
			};
			name = Debug;
		};
		752627A82067E35F00769305 /* Release */ = {
			isa = XCBuildConfiguration;
			buildSettings = {
				ALWAYS_SEARCH_USER_PATHS = NO;
				CLANG_ANALYZER_NONNULL = YES;
				CLANG_ANALYZER_NUMBER_OBJECT_CONVERSION = YES_AGGRESSIVE;
				CLANG_CXX_LANGUAGE_STANDARD = "gnu++14";
				CLANG_CXX_LIBRARY = "libc++";
				CLANG_ENABLE_MODULES = YES;
				CLANG_ENABLE_OBJC_ARC = YES;
				CLANG_WARN_BLOCK_CAPTURE_AUTORELEASING = YES;
				CLANG_WARN_BOOL_CONVERSION = YES;
				CLANG_WARN_COMMA = YES;
				CLANG_WARN_CONSTANT_CONVERSION = YES;
				CLANG_WARN_DIRECT_OBJC_ISA_USAGE = YES_ERROR;
				CLANG_WARN_DOCUMENTATION_COMMENTS = YES;
				CLANG_WARN_EMPTY_BODY = YES;
				CLANG_WARN_ENUM_CONVERSION = YES;
				CLANG_WARN_INFINITE_RECURSION = YES;
				CLANG_WARN_INT_CONVERSION = YES;
				CLANG_WARN_NON_LITERAL_NULL_CONVERSION = YES;
				CLANG_WARN_OBJC_LITERAL_CONVERSION = YES;
				CLANG_WARN_OBJC_ROOT_CLASS = YES_ERROR;
				CLANG_WARN_RANGE_LOOP_ANALYSIS = YES;
				CLANG_WARN_STRICT_PROTOTYPES = YES;
				CLANG_WARN_SUSPICIOUS_MOVE = YES;
				CLANG_WARN_UNGUARDED_AVAILABILITY = YES_AGGRESSIVE;
				CLANG_WARN_UNREACHABLE_CODE = YES;
				CLANG_WARN__DUPLICATE_METHOD_MATCH = YES;
				CODE_SIGN_IDENTITY = "Developer ID Application: Eric Zhong (RV7A82TL2A)";
				CODE_SIGN_STYLE = Automatic;
				COPY_PHASE_STRIP = NO;
				DEBUG_INFORMATION_FORMAT = "dwarf-with-dsym";
				ENABLE_NS_ASSERTIONS = NO;
				ENABLE_STRICT_OBJC_MSGSEND = YES;
				GCC_C_LANGUAGE_STANDARD = gnu11;
				GCC_NO_COMMON_BLOCKS = YES;
				GCC_WARN_64_TO_32_BIT_CONVERSION = YES;
				GCC_WARN_ABOUT_RETURN_TYPE = YES_ERROR;
				GCC_WARN_UNDECLARED_SELECTOR = YES;
				GCC_WARN_UNINITIALIZED_AUTOS = YES_AGGRESSIVE;
				GCC_WARN_UNUSED_FUNCTION = YES;
				GCC_WARN_UNUSED_VARIABLE = YES;
				IPHONEOS_DEPLOYMENT_TARGET = 11.2;
				MTL_ENABLE_DEBUG_INFO = NO;
				SDKROOT = iphoneos;
				SWIFT_OPTIMIZATION_LEVEL = "-Owholemodule";
				VALIDATE_PRODUCT = YES;
			};
			name = Release;
		};
		752627AA2067E35F00769305 /* Debug */ = {
			isa = XCBuildConfiguration;
			buildSettings = {
				ASSETCATALOG_COMPILER_APPICON_NAME = AppIcon;
				CODE_SIGN_IDENTITY = "Apple Development";
				CODE_SIGN_STYLE = Automatic;
				DEVELOPMENT_TEAM = RV7A82TL2A;
				INFOPLIST_FILE = spoof/Info.plist;
				LD_RUNPATH_SEARCH_PATHS = "$(inherited) @executable_path/Frameworks";
				PRODUCT_BUNDLE_IDENTIFIER = com.ericzhong.spoof;
				PRODUCT_NAME = "$(TARGET_NAME)";
				PROVISIONING_PROFILE_SPECIFIER = "";
				SWIFT_VERSION = 4.0;
				TARGETED_DEVICE_FAMILY = "1,2";
			};
			name = Debug;
		};
		752627AB2067E35F00769305 /* Release */ = {
			isa = XCBuildConfiguration;
			buildSettings = {
				ASSETCATALOG_COMPILER_APPICON_NAME = AppIcon;
				CODE_SIGN_IDENTITY = "Apple Development";
				CODE_SIGN_STYLE = Automatic;
				DEVELOPMENT_TEAM = RV7A82TL2A;
				INFOPLIST_FILE = spoof/Info.plist;
				LD_RUNPATH_SEARCH_PATHS = "$(inherited) @executable_path/Frameworks";
				PRODUCT_BUNDLE_IDENTIFIER = com.ericzhong.spoof;
				PRODUCT_NAME = "$(TARGET_NAME)";
				PROVISIONING_PROFILE_SPECIFIER = "";
				SWIFT_VERSION = 4.0;
				TARGETED_DEVICE_FAMILY = "1,2";
			};
			name = Release;
		};
		752627AD2067E35F00769305 /* Debug */ = {
			isa = XCBuildConfiguration;
			buildSettings = {
				ALWAYS_EMBED_SWIFT_STANDARD_LIBRARIES = YES;
				BUNDLE_LOADER = "$(TEST_HOST)";
				CODE_SIGN_STYLE = Automatic;
				INFOPLIST_FILE = spoofTests/Info.plist;
				LD_RUNPATH_SEARCH_PATHS = "$(inherited) @executable_path/Frameworks @loader_path/Frameworks";
				PRODUCT_BUNDLE_IDENTIFIER = com.ericzhong.spoofTests;
				PRODUCT_NAME = "$(TARGET_NAME)";
				SWIFT_VERSION = 4.0;
				TARGETED_DEVICE_FAMILY = "1,2";
				TEST_HOST = "$(BUILT_PRODUCTS_DIR)/spoof.app/spoof";
			};
			name = Debug;
		};
		752627AE2067E35F00769305 /* Release */ = {
			isa = XCBuildConfiguration;
			buildSettings = {
				ALWAYS_EMBED_SWIFT_STANDARD_LIBRARIES = YES;
				BUNDLE_LOADER = "$(TEST_HOST)";
				CODE_SIGN_STYLE = Automatic;
				INFOPLIST_FILE = spoofTests/Info.plist;
				LD_RUNPATH_SEARCH_PATHS = "$(inherited) @executable_path/Frameworks @loader_path/Frameworks";
				PRODUCT_BUNDLE_IDENTIFIER = com.ericzhong.spoofTests;
				PRODUCT_NAME = "$(TARGET_NAME)";
				SWIFT_VERSION = 4.0;
				TARGETED_DEVICE_FAMILY = "1,2";
				TEST_HOST = "$(BUILT_PRODUCTS_DIR)/spoof.app/spoof";
			};
			name = Release;
		};
		752627B02067E35F00769305 /* Debug */ = {
			isa = XCBuildConfiguration;
			buildSettings = {
				ALWAYS_EMBED_SWIFT_STANDARD_LIBRARIES = YES;
				CODE_SIGN_STYLE = Automatic;
				INFOPLIST_FILE = spoofUITests/Info.plist;
				LD_RUNPATH_SEARCH_PATHS = "$(inherited) @executable_path/Frameworks @loader_path/Frameworks";
				PRODUCT_BUNDLE_IDENTIFIER = com.ericzhong.spoofUITests;
				PRODUCT_NAME = "$(TARGET_NAME)";
				SWIFT_VERSION = 4.0;
				TARGETED_DEVICE_FAMILY = "1,2";
				TEST_TARGET_NAME = spoof;
			};
			name = Debug;
		};
		752627B12067E35F00769305 /* Release */ = {
			isa = XCBuildConfiguration;
			buildSettings = {
				ALWAYS_EMBED_SWIFT_STANDARD_LIBRARIES = YES;
				CODE_SIGN_STYLE = Automatic;
				INFOPLIST_FILE = spoofUITests/Info.plist;
				LD_RUNPATH_SEARCH_PATHS = "$(inherited) @executable_path/Frameworks @loader_path/Frameworks";
				PRODUCT_BUNDLE_IDENTIFIER = com.ericzhong.spoofUITests;
				PRODUCT_NAME = "$(TARGET_NAME)";
				SWIFT_VERSION = 4.0;
				TARGETED_DEVICE_FAMILY = "1,2";
				TEST_TARGET_NAME = spoof;
			};
			name = Release;
		};
/* End XCBuildConfiguration section */

/* Begin XCConfigurationList section */
		7526277C2067E35E00769305 /* Build configuration list for PBXProject "spoof" */ = {
			isa = XCConfigurationList;
			buildConfigurations = (
				752627A72067E35F00769305 /* Debug */,
				752627A82067E35F00769305 /* Release */,
			);
			defaultConfigurationIsVisible = 0;
			defaultConfigurationName = Release;
		};
		752627A92067E35F00769305 /* Build configuration list for PBXNativeTarget "spoof" */ = {
			isa = XCConfigurationList;
			buildConfigurations = (
				752627AA2067E35F00769305 /* Debug */,
				752627AB2067E35F00769305 /* Release */,
			);
			defaultConfigurationIsVisible = 0;
			defaultConfigurationName = Release;
		};
		752627AC2067E35F00769305 /* Build configuration list for PBXNativeTarget "spoofTests" */ = {
			isa = XCConfigurationList;
			buildConfigurations = (
				752627AD2067E35F00769305 /* Debug */,
				752627AE2067E35F00769305 /* Release */,
			);
			defaultConfigurationIsVisible = 0;
			defaultConfigurationName = Release;
		};
		752627AF2067E35F00769305 /* Build configuration list for PBXNativeTarget "spoofUITests" */ = {
			isa = XCConfigurationList;
			buildConfigurations = (
				752627B02067E35F00769305 /* Debug */,
				752627B12067E35F00769305 /* Release */,
			);
			defaultConfigurationIsVisible = 0;
			defaultConfigurationName = Release;
		};
/* End XCConfigurationList section */
	};
	rootObject = 752627792067E35E00769305 /* Project object */;
}
